
Microsoft Visual Studio Solution File, Format Version 12.00
# Visual Studio Version 17
VisualStudioVersion = 17.10.34928.147
MinimumVisualStudioVersion = 10.0.40219.1
Project("{9A19103F-16F7-4668-BE54-9A1E7A4F7556}") = "Domain.Request", "Contexto_Pedido\Domain\Domain.Request.csproj", "{CA7DB6D1-842C-419D-BD79-5FC67FC79D72}"
EndProject
Project("{9A19103F-16F7-4668-BE54-9A1E7A4F7556}") = "Validations.Request", "Contexto_Pedido\Validations\Validations.Request.csproj", "{9ADE20BE-5D9F-4AB9-819F-BEB76279F303}"
EndProject
Project("{9A19103F-16F7-4668-BE54-9A1E7A4F7556}") = "Testes.Request", "Contexto_Pedido\Testes\Testes.Request.csproj", "{1151532C-1533-4331-82E0-DEE5D9174F61}"
EndProject
Project("{2150E333-8FDC-42A3-9474-1A3956D46DE8}") = "Context_REquest", "Context_REquest", "{2D391643-627D-4929-826E-F23577964A69}"
EndProject
Project("{9A19103F-16F7-4668-BE54-9A1E7A4F7556}") = "Application.Request", "Contexto_Pedido\Application\Application.Request.csproj", "{02CC01C7-63B7-4314-B40F-3E4A631DA0F0}"
EndProject
Project("{9A19103F-16F7-4668-BE54-9A1E7A4F7556}") = "Infrastructure.IOC.Request", "Contexto_Pedido\Infrastructure.IOC\Infrastructure.IOC.Request.csproj", "{08F46A4C-9B6A-4D67-B39C-A3B553EFBF2A}"
EndProject
Project("{9A19103F-16F7-4668-BE54-9A1E7A4F7556}") = "Infrastructure.Request", "Contexto_Pedido\Infrastructure\Infrastructure.Request.csproj", "{CDE0C5BB-F0D5-43EA-982F-65C0034EE721}"
EndProject
Project("{9A19103F-16F7-4668-BE54-9A1E7A4F7556}") = "Console.Request", "Contexto_Pedido\Console\Console.Request.csproj", "{5C45EFEB-93EC-42B8-B596-CED6922E8128}"
EndProject
Global
	GlobalSection(SolutionConfigurationPlatforms) = preSolution
		Debug|Any CPU = Debug|Any CPU
		Release|Any CPU = Release|Any CPU
	EndGlobalSection
	GlobalSection(ProjectConfigurationPlatforms) = postSolution
		{CA7DB6D1-842C-419D-BD79-5FC67FC79D72}.Debug|Any CPU.ActiveCfg = Debug|Any CPU
		{CA7DB6D1-842C-419D-BD79-5FC67FC79D72}.Debug|Any CPU.Build.0 = Debug|Any CPU
		{CA7DB6D1-842C-419D-BD79-5FC67FC79D72}.Release|Any CPU.ActiveCfg = Release|Any CPU
		{CA7DB6D1-842C-419D-BD79-5FC67FC79D72}.Release|Any CPU.Build.0 = Release|Any CPU
		{9ADE20BE-5D9F-4AB9-819F-BEB76279F303}.Debug|Any CPU.ActiveCfg = Debug|Any CPU
		{9ADE20BE-5D9F-4AB9-819F-BEB76279F303}.Debug|Any CPU.Build.0 = Debug|Any CPU
		{9ADE20BE-5D9F-4AB9-819F-BEB76279F303}.Release|Any CPU.ActiveCfg = Release|Any CPU
		{9ADE20BE-5D9F-4AB9-819F-BEB76279F303}.Release|Any CPU.Build.0 = Release|Any CPU
		{1151532C-1533-4331-82E0-DEE5D9174F61}.Debug|Any CPU.ActiveCfg = Debug|Any CPU
		{1151532C-1533-4331-82E0-DEE5D9174F61}.Debug|Any CPU.Build.0 = Debug|Any CPU
		{1151532C-1533-4331-82E0-DEE5D9174F61}.Release|Any CPU.ActiveCfg = Release|Any CPU
		{1151532C-1533-4331-82E0-DEE5D9174F61}.Release|Any CPU.Build.0 = Release|Any CPU
		{02CC01C7-63B7-4314-B40F-3E4A631DA0F0}.Debug|Any CPU.ActiveCfg = Debug|Any CPU
		{02CC01C7-63B7-4314-B40F-3E4A631DA0F0}.Debug|Any CPU.Build.0 = Debug|Any CPU
		{02CC01C7-63B7-4314-B40F-3E4A631DA0F0}.Release|Any CPU.ActiveCfg = Release|Any CPU
		{02CC01C7-63B7-4314-B40F-3E4A631DA0F0}.Release|Any CPU.Build.0 = Release|Any CPU
		{08F46A4C-9B6A-4D67-B39C-A3B553EFBF2A}.Debug|Any CPU.ActiveCfg = Debug|Any CPU
		{08F46A4C-9B6A-4D67-B39C-A3B553EFBF2A}.Debug|Any CPU.Build.0 = Debug|Any CPU
		{08F46A4C-9B6A-4D67-B39C-A3B553EFBF2A}.Release|Any CPU.ActiveCfg = Release|Any CPU
		{08F46A4C-9B6A-4D67-B39C-A3B553EFBF2A}.Release|Any CPU.Build.0 = Release|Any CPU
		{CDE0C5BB-F0D5-43EA-982F-65C0034EE721}.Debug|Any CPU.ActiveCfg = Debug|Any CPU
		{CDE0C5BB-F0D5-43EA-982F-65C0034EE721}.Debug|Any CPU.Build.0 = Debug|Any CPU
		{CDE0C5BB-F0D5-43EA-982F-65C0034EE721}.Release|Any CPU.ActiveCfg = Release|Any CPU
		{CDE0C5BB-F0D5-43EA-982F-65C0034EE721}.Release|Any CPU.Build.0 = Release|Any CPU
		{5C45EFEB-93EC-42B8-B596-CED6922E8128}.Debug|Any CPU.ActiveCfg = Debug|Any CPU
		{5C45EFEB-93EC-42B8-B596-CED6922E8128}.Debug|Any CPU.Build.0 = Debug|Any CPU
		{5C45EFEB-93EC-42B8-B596-CED6922E8128}.Release|Any CPU.ActiveCfg = Release|Any CPU
		{5C45EFEB-93EC-42B8-B596-CED6922E8128}.Release|Any CPU.Build.0 = Release|Any CPU
	EndGlobalSection
	GlobalSection(SolutionProperties) = preSolution
		HideSolutionNode = FALSE
	EndGlobalSection
	GlobalSection(NestedProjects) = preSolution
		{CA7DB6D1-842C-419D-BD79-5FC67FC79D72} = {2D391643-627D-4929-826E-F23577964A69}
		{9ADE20BE-5D9F-4AB9-819F-BEB76279F303} = {2D391643-627D-4929-826E-F23577964A69}
		{1151532C-1533-4331-82E0-DEE5D9174F61} = {2D391643-627D-4929-826E-F23577964A69}
		{02CC01C7-63B7-4314-B40F-3E4A631DA0F0} = {2D391643-627D-4929-826E-F23577964A69}
		{08F46A4C-9B6A-4D67-B39C-A3B553EFBF2A} = {2D391643-627D-4929-826E-F23577964A69}
		{CDE0C5BB-F0D5-43EA-982F-65C0034EE721} = {2D391643-627D-4929-826E-F23577964A69}
		{5C45EFEB-93EC-42B8-B596-CED6922E8128} = {2D391643-627D-4929-826E-F23577964A69}
	EndGlobalSection
	GlobalSection(ExtensibilityGlobals) = postSolution
		SolutionGuid = {A377129E-D4F5-4269-976D-8ED0FEFC53A8}
	EndGlobalSection
EndGlobal
