
Microsoft Visual Studio Solution File, Format Version 12.00
# Visual Studio Version 17
VisualStudioVersion = 17.10.34928.147
MinimumVisualStudioVersion = 10.0.40219.1
Project("{9A19103F-16F7-4668-BE54-9A1E7A4F7556}") = "Domain.Request", "Context_Request\Domain\Domain.Request.csproj", "{CA7DB6D1-842C-419D-BD79-5FC67FC79D72}"
EndProject
Project("{9A19103F-16F7-4668-BE54-9A1E7A4F7556}") = "Validations.Request", "Context_Request\Validations\Validations.Request.csproj", "{9ADE20BE-5D9F-4AB9-819F-BEB76279F303}"
EndProject
Project("{9A19103F-16F7-4668-BE54-9A1E7A4F7556}") = "Testes.Request", "Context_Request\Testes\Testes.Request.csproj", "{1151532C-1533-4331-82E0-DEE5D9174F61}"
EndProject
Project("{2150E333-8FDC-42A3-9474-1A3956D46DE8}") = "Context_REquest", "Context_REquest", "{2D391643-627D-4929-826E-F23577964A69}"
EndProject
Project("{9A19103F-16F7-4668-BE54-9A1E7A4F7556}") = "Application.Request", "Context_Request\Application\Application.Request.csproj", "{02CC01C7-63B7-4314-B40F-3E4A631DA0F0}"
EndProject
Project("{9A19103F-16F7-4668-BE54-9A1E7A4F7556}") = "Infrastructure.IOC.Request", "Context_Request\Infrastructure.IOC\Infrastructure.IOC.Request.csproj", "{08F46A4C-9B6A-4D67-B39C-A3B553EFBF2A}"
EndProject
Project("{9A19103F-16F7-4668-BE54-9A1E7A4F7556}") = "Infrastructure.Request", "Context_Request\Infrastructure\Infrastructure.Request.csproj", "{CDE0C5BB-F0D5-43EA-982F-65C0034EE721}"
EndProject
Project("{9A19103F-16F7-4668-BE54-9A1E7A4F7556}") = "Console.Request", "Context_Request\Console\Console.Request.csproj", "{5C45EFEB-93EC-42B8-B596-CED6922E8128}"
EndProject
Project("{2150E333-8FDC-42A3-9474-1A3956D46DE8}") = "Context_Stock", "Context_Stock", "{E38E7644-9F4B-487A-9B9C-120819CFB790}"
EndProject
Project("{9A19103F-16F7-4668-BE54-9A1E7A4F7556}") = "Domain.Stock", "Context_Stock\Domain.Stock\Domain.Stock.csproj", "{AF5457F5-6F66-4E80-8371-03FF50A07C51}"
EndProject
Project("{2150E333-8FDC-42A3-9474-1A3956D46DE8}") = "Shared_Kernel", "Shared_Kernel", "{3D265D7B-7EA1-40D2-944B-E48262BC5DB3}"
EndProject
Project("{2150E333-8FDC-42A3-9474-1A3956D46DE8}") = "StartCore", "StartCore", "{E60D9124-1B18-4B09-9D00-BBFCCACE88F9}"
EndProject
Project("{9A19103F-16F7-4668-BE54-9A1E7A4F7556}") = "ContainerDI.StartCore", "StartCore\ContainerDI\ContainerDI.StartCore.csproj", "{588DC163-27A3-4C9D-A367-9FA50308DCE2}"
EndProject
Project("{9A19103F-16F7-4668-BE54-9A1E7A4F7556}") = "Console.StartCore", "StartCore\Console.Core\Console.StartCore.csproj", "{4F510CBA-C06C-434D-8081-0D0A11C99377}"
EndProject
Project("{9A19103F-16F7-4668-BE54-9A1E7A4F7556}") = "Infrastructure.IOC.Stock", "Context_Stock\ContextStockContainerConfig\Infrastructure.IOC.Stock.csproj", "{08F5F47B-22AB-4A05-B90E-833D549D4A30}"
EndProject
Project("{9A19103F-16F7-4668-BE54-9A1E7A4F7556}") = "Domain.SharedKernel", "Shared_Kernel\Domain.SharedKernel\Domain.SharedKernel.csproj", "{0ACC4E5F-E869-46E7-B25C-3B30EFAEF797}"
EndProject
Project("{9A19103F-16F7-4668-BE54-9A1E7A4F7556}") = "Infrastructure.IOC.SharedKernel", "Shared_Kernel\Infrastructure.IOC.SharedKernel\Infrastructure.IOC.SharedKernel.csproj", "{FC8A622B-940D-4233-A4E4-0F8F3B6B7165}"
EndProject
Project("{FAE04EC0-301F-11D3-BF4B-00C04F79EFBC}") = "Validations.Request", "Context_Stock\Validations.Request\Validations.Request.csproj", "{C10A7D28-625D-4909-A130-5F3C77EBE7F4}"
EndProject
Project("{9A19103F-16F7-4668-BE54-9A1E7A4F7556}") = "Application.Stock", "Context_Stock\Application.Stock\Application.Stock.csproj", "{1819E744-BB03-4BC8-B790-C587145F69F1}"
EndProject
Project("{FAE04EC0-301F-11D3-BF4B-00C04F79EFBC}") = "Infrastructure.Stock", "Context_Stock\Infrastructure.Stock\Infrastructure.Stock.csproj", "{363E6FEF-650E-4165-BF40-2FE3FD06D3FC}"
EndProject
Global
	GlobalSection(SolutionConfigurationPlatforms) = preSolution
		Debug|Any CPU = Debug|Any CPU
		Release|Any CPU = Release|Any CPU
	EndGlobalSection
	GlobalSection(ProjectConfigurationPlatforms) = postSolution
		{CA7DB6D1-842C-419D-BD79-5FC67FC79D72}.Debug|Any CPU.ActiveCfg = Debug|Any CPU
		{CA7DB6D1-842C-419D-BD79-5FC67FC79D72}.Debug|Any CPU.Build.0 = Debug|Any CPU
		{CA7DB6D1-842C-419D-BD79-5FC67FC79D72}.Release|Any CPU.ActiveCfg = Release|Any CPU
		{CA7DB6D1-842C-419D-BD79-5FC67FC79D72}.Release|Any CPU.Build.0 = Release|Any CPU
		{9ADE20BE-5D9F-4AB9-819F-BEB76279F303}.Debug|Any CPU.ActiveCfg = Debug|Any CPU
		{9ADE20BE-5D9F-4AB9-819F-BEB76279F303}.Debug|Any CPU.Build.0 = Debug|Any CPU
		{9ADE20BE-5D9F-4AB9-819F-BEB76279F303}.Release|Any CPU.ActiveCfg = Release|Any CPU
		{9ADE20BE-5D9F-4AB9-819F-BEB76279F303}.Release|Any CPU.Build.0 = Release|Any CPU
		{1151532C-1533-4331-82E0-DEE5D9174F61}.Debug|Any CPU.ActiveCfg = Debug|Any CPU
		{1151532C-1533-4331-82E0-DEE5D9174F61}.Debug|Any CPU.Build.0 = Debug|Any CPU
		{1151532C-1533-4331-82E0-DEE5D9174F61}.Release|Any CPU.ActiveCfg = Release|Any CPU
		{1151532C-1533-4331-82E0-DEE5D9174F61}.Release|Any CPU.Build.0 = Release|Any CPU
		{02CC01C7-63B7-4314-B40F-3E4A631DA0F0}.Debug|Any CPU.ActiveCfg = Debug|Any CPU
		{02CC01C7-63B7-4314-B40F-3E4A631DA0F0}.Debug|Any CPU.Build.0 = Debug|Any CPU
		{02CC01C7-63B7-4314-B40F-3E4A631DA0F0}.Release|Any CPU.ActiveCfg = Release|Any CPU
		{02CC01C7-63B7-4314-B40F-3E4A631DA0F0}.Release|Any CPU.Build.0 = Release|Any CPU
		{08F46A4C-9B6A-4D67-B39C-A3B553EFBF2A}.Debug|Any CPU.ActiveCfg = Debug|Any CPU
		{08F46A4C-9B6A-4D67-B39C-A3B553EFBF2A}.Debug|Any CPU.Build.0 = Debug|Any CPU
		{08F46A4C-9B6A-4D67-B39C-A3B553EFBF2A}.Release|Any CPU.ActiveCfg = Release|Any CPU
		{08F46A4C-9B6A-4D67-B39C-A3B553EFBF2A}.Release|Any CPU.Build.0 = Release|Any CPU
		{CDE0C5BB-F0D5-43EA-982F-65C0034EE721}.Debug|Any CPU.ActiveCfg = Debug|Any CPU
		{CDE0C5BB-F0D5-43EA-982F-65C0034EE721}.Debug|Any CPU.Build.0 = Debug|Any CPU
		{CDE0C5BB-F0D5-43EA-982F-65C0034EE721}.Release|Any CPU.ActiveCfg = Release|Any CPU
		{CDE0C5BB-F0D5-43EA-982F-65C0034EE721}.Release|Any CPU.Build.0 = Release|Any CPU
		{5C45EFEB-93EC-42B8-B596-CED6922E8128}.Debug|Any CPU.ActiveCfg = Debug|Any CPU
		{5C45EFEB-93EC-42B8-B596-CED6922E8128}.Debug|Any CPU.Build.0 = Debug|Any CPU
		{5C45EFEB-93EC-42B8-B596-CED6922E8128}.Release|Any CPU.ActiveCfg = Release|Any CPU
		{5C45EFEB-93EC-42B8-B596-CED6922E8128}.Release|Any CPU.Build.0 = Release|Any CPU
		{AF5457F5-6F66-4E80-8371-03FF50A07C51}.Debug|Any CPU.ActiveCfg = Debug|Any CPU
		{AF5457F5-6F66-4E80-8371-03FF50A07C51}.Debug|Any CPU.Build.0 = Debug|Any CPU
		{AF5457F5-6F66-4E80-8371-03FF50A07C51}.Release|Any CPU.ActiveCfg = Release|Any CPU
		{AF5457F5-6F66-4E80-8371-03FF50A07C51}.Release|Any CPU.Build.0 = Release|Any CPU
		{588DC163-27A3-4C9D-A367-9FA50308DCE2}.Debug|Any CPU.ActiveCfg = Debug|Any CPU
		{588DC163-27A3-4C9D-A367-9FA50308DCE2}.Debug|Any CPU.Build.0 = Debug|Any CPU
		{588DC163-27A3-4C9D-A367-9FA50308DCE2}.Release|Any CPU.ActiveCfg = Release|Any CPU
		{588DC163-27A3-4C9D-A367-9FA50308DCE2}.Release|Any CPU.Build.0 = Release|Any CPU
		{4F510CBA-C06C-434D-8081-0D0A11C99377}.Debug|Any CPU.ActiveCfg = Debug|Any CPU
		{4F510CBA-C06C-434D-8081-0D0A11C99377}.Debug|Any CPU.Build.0 = Debug|Any CPU
		{4F510CBA-C06C-434D-8081-0D0A11C99377}.Release|Any CPU.ActiveCfg = Release|Any CPU
		{4F510CBA-C06C-434D-8081-0D0A11C99377}.Release|Any CPU.Build.0 = Release|Any CPU
		{08F5F47B-22AB-4A05-B90E-833D549D4A30}.Debug|Any CPU.ActiveCfg = Debug|Any CPU
		{08F5F47B-22AB-4A05-B90E-833D549D4A30}.Debug|Any CPU.Build.0 = Debug|Any CPU
		{08F5F47B-22AB-4A05-B90E-833D549D4A30}.Release|Any CPU.ActiveCfg = Release|Any CPU
		{08F5F47B-22AB-4A05-B90E-833D549D4A30}.Release|Any CPU.Build.0 = Release|Any CPU
		{0ACC4E5F-E869-46E7-B25C-3B30EFAEF797}.Debug|Any CPU.ActiveCfg = Debug|Any CPU
		{0ACC4E5F-E869-46E7-B25C-3B30EFAEF797}.Debug|Any CPU.Build.0 = Debug|Any CPU
		{0ACC4E5F-E869-46E7-B25C-3B30EFAEF797}.Release|Any CPU.ActiveCfg = Release|Any CPU
		{0ACC4E5F-E869-46E7-B25C-3B30EFAEF797}.Release|Any CPU.Build.0 = Release|Any CPU
		{FC8A622B-940D-4233-A4E4-0F8F3B6B7165}.Debug|Any CPU.ActiveCfg = Debug|Any CPU
		{FC8A622B-940D-4233-A4E4-0F8F3B6B7165}.Debug|Any CPU.Build.0 = Debug|Any CPU
		{FC8A622B-940D-4233-A4E4-0F8F3B6B7165}.Release|Any CPU.ActiveCfg = Release|Any CPU
		{FC8A622B-940D-4233-A4E4-0F8F3B6B7165}.Release|Any CPU.Build.0 = Release|Any CPU
		{C10A7D28-625D-4909-A130-5F3C77EBE7F4}.Debug|Any CPU.ActiveCfg = Debug|Any CPU
		{C10A7D28-625D-4909-A130-5F3C77EBE7F4}.Debug|Any CPU.Build.0 = Debug|Any CPU
		{C10A7D28-625D-4909-A130-5F3C77EBE7F4}.Release|Any CPU.ActiveCfg = Release|Any CPU
		{C10A7D28-625D-4909-A130-5F3C77EBE7F4}.Release|Any CPU.Build.0 = Release|Any CPU
		{1819E744-BB03-4BC8-B790-C587145F69F1}.Debug|Any CPU.ActiveCfg = Debug|Any CPU
		{1819E744-BB03-4BC8-B790-C587145F69F1}.Debug|Any CPU.Build.0 = Debug|Any CPU
		{1819E744-BB03-4BC8-B790-C587145F69F1}.Release|Any CPU.ActiveCfg = Release|Any CPU
		{1819E744-BB03-4BC8-B790-C587145F69F1}.Release|Any CPU.Build.0 = Release|Any CPU
		{363E6FEF-650E-4165-BF40-2FE3FD06D3FC}.Debug|Any CPU.ActiveCfg = Debug|Any CPU
		{363E6FEF-650E-4165-BF40-2FE3FD06D3FC}.Debug|Any CPU.Build.0 = Debug|Any CPU
		{363E6FEF-650E-4165-BF40-2FE3FD06D3FC}.Release|Any CPU.ActiveCfg = Release|Any CPU
		{363E6FEF-650E-4165-BF40-2FE3FD06D3FC}.Release|Any CPU.Build.0 = Release|Any CPU
	EndGlobalSection
	GlobalSection(SolutionProperties) = preSolution
		HideSolutionNode = FALSE
	EndGlobalSection
	GlobalSection(NestedProjects) = preSolution
		{CA7DB6D1-842C-419D-BD79-5FC67FC79D72} = {2D391643-627D-4929-826E-F23577964A69}
		{9ADE20BE-5D9F-4AB9-819F-BEB76279F303} = {2D391643-627D-4929-826E-F23577964A69}
		{1151532C-1533-4331-82E0-DEE5D9174F61} = {2D391643-627D-4929-826E-F23577964A69}
		{02CC01C7-63B7-4314-B40F-3E4A631DA0F0} = {2D391643-627D-4929-826E-F23577964A69}
		{08F46A4C-9B6A-4D67-B39C-A3B553EFBF2A} = {2D391643-627D-4929-826E-F23577964A69}
		{CDE0C5BB-F0D5-43EA-982F-65C0034EE721} = {2D391643-627D-4929-826E-F23577964A69}
		{5C45EFEB-93EC-42B8-B596-CED6922E8128} = {2D391643-627D-4929-826E-F23577964A69}
		{AF5457F5-6F66-4E80-8371-03FF50A07C51} = {E38E7644-9F4B-487A-9B9C-120819CFB790}
		{588DC163-27A3-4C9D-A367-9FA50308DCE2} = {E60D9124-1B18-4B09-9D00-BBFCCACE88F9}
		{4F510CBA-C06C-434D-8081-0D0A11C99377} = {E60D9124-1B18-4B09-9D00-BBFCCACE88F9}
		{08F5F47B-22AB-4A05-B90E-833D549D4A30} = {E38E7644-9F4B-487A-9B9C-120819CFB790}
		{0ACC4E5F-E869-46E7-B25C-3B30EFAEF797} = {3D265D7B-7EA1-40D2-944B-E48262BC5DB3}
		{FC8A622B-940D-4233-A4E4-0F8F3B6B7165} = {3D265D7B-7EA1-40D2-944B-E48262BC5DB3}
		{C10A7D28-625D-4909-A130-5F3C77EBE7F4} = {E38E7644-9F4B-487A-9B9C-120819CFB790}
		{1819E744-BB03-4BC8-B790-C587145F69F1} = {E38E7644-9F4B-487A-9B9C-120819CFB790}
		{363E6FEF-650E-4165-BF40-2FE3FD06D3FC} = {E38E7644-9F4B-487A-9B9C-120819CFB790}
	EndGlobalSection
	GlobalSection(ExtensibilityGlobals) = postSolution
		SolutionGuid = {A377129E-D4F5-4269-976D-8ED0FEFC53A8}
	EndGlobalSection
EndGlobal
